
Microsoft Visual Studio Solution File, Format Version 12.00
# Visual Studio Version 16
VisualStudioVersion = 25.0.1705.0
MinimumVisualStudioVersion = 10.0.40219.1
Project("{FAE04EC0-301F-11D3-BF4B-00C04F79EFBC}") = "MvcMovie", "MvcMovie\MvcMovie.csproj", "{F76D37C8-B5BB-41A0-AA75-C0460EFDCEBB}"
EndProject
Global
	GlobalSection(SolutionConfigurationPlatforms) = preSolution
		Debug|Any CPU = Debug|Any CPU
		Release|Any CPU = Release|Any CPU
	EndGlobalSection
	GlobalSection(ProjectConfigurationPlatforms) = postSolution
		{F76D37C8-B5BB-41A0-AA75-C0460EFDCEBB}.Debug|Any CPU.ActiveCfg = Debug|Any CPU
		{F76D37C8-B5BB-41A0-AA75-C0460EFDCEBB}.Debug|Any CPU.Build.0 = Debug|Any CPU
		{F76D37C8-B5BB-41A0-AA75-C0460EFDCEBB}.Release|Any CPU.ActiveCfg = Release|Any CPU
		{F76D37C8-B5BB-41A0-AA75-C0460EFDCEBB}.Release|Any CPU.Build.0 = Release|Any CPU
	EndGlobalSection
	GlobalSection(SolutionProperties) = preSolution
		HideSolutionNode = FALSE
	EndGlobalSection
	GlobalSection(ExtensibilityGlobals) = postSolution
		SolutionGuid = {787D0E1C-95B7-47B3-BB91-F45EE5FC076D}
	EndGlobalSection
EndGlobal
